
Microsoft Visual Studio Solution File, Format Version 12.00
# Visual Studio Version 17
VisualStudioVersion = 17.9.34902.65
MinimumVisualStudioVersion = 10.0.40219.1
Project("{9A19103F-16F7-4668-BE54-9A1E7A4F7556}") = "MilkShop", "MilkShop\MilkShop.csproj", "{FD37ED63-30A7-4514-8B7D-219D979228E2}"
EndProject
Project("{9A19103F-16F7-4668-BE54-9A1E7A4F7556}") = "MilkShop.Data", "MilkShop.Data\MilkShop.Data.csproj", "{E2E2D138-0983-4B2A-ADF6-9DB130ED494B}"
EndProject
Project("{9A19103F-16F7-4668-BE54-9A1E7A4F7556}") = "MilkShop.Business", "MilkShop.Business\MilkShop.Business.csproj", "{1293D186-7B76-4C1F-8B52-3AF496319677}"
EndProject
Project("{9A19103F-16F7-4668-BE54-9A1E7A4F7556}") = "MilkShop.Common", "MilkShop.Common\MilkShop.Common.csproj", "{28F80386-2B4A-46A9-9CDB-8899994F90D7}"
EndProject
Project("{9A19103F-16F7-4668-BE54-9A1E7A4F7556}") = "MilkShop.ConsoleApp", "MilkShop.ConsoleApp\MilkShop.ConsoleApp.csproj", "{E09DEA13-32A6-4578-9CBF-22A4768C573C}"
EndProject
Project("{9A19103F-16F7-4668-BE54-9A1E7A4F7556}") = "MilkShop.WPF", "MilkShop.WPF\MilkShop.WPF.csproj", "{E6CB293B-0719-41E4-A835-7865E3D93C2A}"
EndProject
Global
	GlobalSection(SolutionConfigurationPlatforms) = preSolution
		Debug|Any CPU = Debug|Any CPU
		Release|Any CPU = Release|Any CPU
	EndGlobalSection
	GlobalSection(ProjectConfigurationPlatforms) = postSolution
		{FD37ED63-30A7-4514-8B7D-219D979228E2}.Debug|Any CPU.ActiveCfg = Debug|Any CPU
		{FD37ED63-30A7-4514-8B7D-219D979228E2}.Debug|Any CPU.Build.0 = Debug|Any CPU
		{FD37ED63-30A7-4514-8B7D-219D979228E2}.Release|Any CPU.ActiveCfg = Release|Any CPU
		{FD37ED63-30A7-4514-8B7D-219D979228E2}.Release|Any CPU.Build.0 = Release|Any CPU
		{E2E2D138-0983-4B2A-ADF6-9DB130ED494B}.Debug|Any CPU.ActiveCfg = Debug|Any CPU
		{E2E2D138-0983-4B2A-ADF6-9DB130ED494B}.Debug|Any CPU.Build.0 = Debug|Any CPU
		{E2E2D138-0983-4B2A-ADF6-9DB130ED494B}.Release|Any CPU.ActiveCfg = Release|Any CPU
		{E2E2D138-0983-4B2A-ADF6-9DB130ED494B}.Release|Any CPU.Build.0 = Release|Any CPU
		{1293D186-7B76-4C1F-8B52-3AF496319677}.Debug|Any CPU.ActiveCfg = Debug|Any CPU
		{1293D186-7B76-4C1F-8B52-3AF496319677}.Debug|Any CPU.Build.0 = Debug|Any CPU
		{1293D186-7B76-4C1F-8B52-3AF496319677}.Release|Any CPU.ActiveCfg = Release|Any CPU
		{1293D186-7B76-4C1F-8B52-3AF496319677}.Release|Any CPU.Build.0 = Release|Any CPU
		{28F80386-2B4A-46A9-9CDB-8899994F90D7}.Debug|Any CPU.ActiveCfg = Debug|Any CPU
		{28F80386-2B4A-46A9-9CDB-8899994F90D7}.Debug|Any CPU.Build.0 = Debug|Any CPU
		{28F80386-2B4A-46A9-9CDB-8899994F90D7}.Release|Any CPU.ActiveCfg = Release|Any CPU
		{28F80386-2B4A-46A9-9CDB-8899994F90D7}.Release|Any CPU.Build.0 = Release|Any CPU
		{E09DEA13-32A6-4578-9CBF-22A4768C573C}.Debug|Any CPU.ActiveCfg = Debug|Any CPU
		{E09DEA13-32A6-4578-9CBF-22A4768C573C}.Debug|Any CPU.Build.0 = Debug|Any CPU
		{E09DEA13-32A6-4578-9CBF-22A4768C573C}.Release|Any CPU.ActiveCfg = Release|Any CPU
		{E09DEA13-32A6-4578-9CBF-22A4768C573C}.Release|Any CPU.Build.0 = Release|Any CPU
		{E6CB293B-0719-41E4-A835-7865E3D93C2A}.Debug|Any CPU.ActiveCfg = Debug|Any CPU
		{E6CB293B-0719-41E4-A835-7865E3D93C2A}.Debug|Any CPU.Build.0 = Debug|Any CPU
		{E6CB293B-0719-41E4-A835-7865E3D93C2A}.Release|Any CPU.ActiveCfg = Release|Any CPU
		{E6CB293B-0719-41E4-A835-7865E3D93C2A}.Release|Any CPU.Build.0 = Release|Any CPU
	EndGlobalSection
	GlobalSection(SolutionProperties) = preSolution
		HideSolutionNode = FALSE
	EndGlobalSection
	GlobalSection(ExtensibilityGlobals) = postSolution
		SolutionGuid = {2BF80238-E9C1-4B55-9630-0B1B05CA4308}
	EndGlobalSection
EndGlobal
